# This file is automatically @generated by Poetry 1.8.4 and should not be changed by hand.

[[package]]
name = "bibtexparser"
version = "2.0.0b7"
description = "Bibtex parser for python 3"
optional = false
python-versions = "*"
files = [
    {file = "bibtexparser-2.0.0b7-py3-none-any.whl", hash = "sha256:1f4ac78cc6fbfdcc7ce432105fef127688c78ce60324363955fc11feb32964cd"},
    {file = "bibtexparser-2.0.0b7.tar.gz", hash = "sha256:9e0034dd16e1961fbc895b108f49bdef6f988b5d48782b62c9492ee8a281efad"},
]

[package.dependencies]
pylatexenc = ">=2.10"

[package.extras]
docs = ["sphinx"]
lint = ["black (==23.3.0)", "docstr-coverage (==2.2.0)", "isort (==5.12.0)"]
test = ["jupyter", "pytest", "pytest-cov", "pytest-xdist"]

[[package]]
name = "pylatexenc"
version = "2.10"
description = "Simple LaTeX parser providing latex-to-unicode and unicode-to-latex conversion"
optional = false
python-versions = "*"
files = [
    {file = "pylatexenc-2.10.tar.gz", hash = "sha256:3dd8fd84eb46dc30bee1e23eaab8d8fb5a7f507347b23e5f38ad9675c84f40d3"},
]

[metadata]
lock-version = "2.0"
python-versions = "^3.12"
content-hash = "2411cf024ef45c052f9b809c847017ef22dbfb6c6f5c969ead1ab9ce0760aff0"
